anti-ai-writing artemnovitckii/content-skills 1c6e909
audience-research social-media-skills/skills 6e30eeb
audio-tldr AugustusW/audio-tldr-skill cb78462
captions-and-clipping social-media-skills/skills 6e30eeb
caveman JuliusBrussee/caveman 99aafe1
caveman-compress JuliusBrussee/caveman 99aafe1
ceo-assistant Claudefarid/claude-ceo-skill 65cc5f9
channel-formula yaxeen/storytelling-skills 24ef3c1
collabs-and-cross-promotion social-media-skills/skills 6e30eeb
content-access jamditis/claude-skills-journalism e3e2172
deep-research sanjay3290/ai-skills 281d88d
dispatching-parallel-agents obra/superpowers 8ca22db
dumbify artemnovitckii/content-skills 1c6e909
engagement-routine social-media-skills/skills 6e30eeb
executing-plans obra/superpowers 8ca22db
experimentation-and-ab-testing social-media-skills/skills 6e30eeb
fact-check-workflow jamditis/claude-skills-journalism e3e2172
finishing-a-development-branch obra/superpowers 8ca22db
frontend-design anthropics/skills 683bc88
google-trends terryds/google-trends-skill e578606
hook-writer social-media-skills/skills 6e30eeb
instagram-growth social-media-skills/skills 6e30eeb
instagram-seo social-media-skills/skills 6e30eeb
karpathy-guidelines multica-ai/andrej-karpathy-skills 2c60614
long-form-youtube yaxeen/storytelling-skills 24ef3c1
osint-investigation reichaves/osint-investigation 4a9f97f
profile-optimization social-media-skills/skills 6e30eeb
receiving-code-review obra/superpowers 8ca22db
recursive-research Anjos2/recursive-research 15ed326
reels-script social-media-skills/skills 6e30eeb
requesting-code-review obra/superpowers 8ca22db
retention-audit yaxeen/storytelling-skills 24ef3c1
social-media-intelligence jamditis/claude-skills-journalism e3e2172
source-verification jamditis/claude-skills-journalism e3e2172
storytelling artemnovitckii/content-skills 1c6e909
storytelling-hooks yaxeen/storytelling-skills 24ef3c1
subagent-driven-development obra/superpowers 8ca22db
superpowers-brainstorming obra/superpowers 8ca22db
systematic-debugging obra/superpowers 8ca22db
test-driven-development obra/superpowers 8ca22db
thumbnail-design pottertech/claude-skills fdbf39b
tiktok-growth social-media-skills/skills 6e30eeb
titles-and-thumbnails yaxeen/storytelling-skills 24ef3c1
using-git-worktrees obra/superpowers 8ca22db
verification-before-completion obra/superpowers 8ca22db
verified-research JalalD/verified-research f713e3f
viral-hooks artemnovitckii/content-skills 1c6e909
viral-reverse-engineering social-media-skills/skills 6e30eeb
web-archiving jamditis/claude-skills-journalism e3e2172
webapp-testing anthropics/skills 683bc88
writing-plans obra/superpowers 8ca22db
youtube-script-writer SkillMedev/creator-studio 21980fd
youtube-shorts social-media-skills/skills 6e30eeb
youtube-virality-gate ravsau/youtuber-skills 603367b
yt-chapters Jakeschincariol/youtube-agent-skill a2feb21
yt-edit Jakeschincariol/youtube-agent-skill a2feb21
yt-retention Jakeschincariol/youtube-agent-skill a2feb21
yt-script Jakeschincariol/youtube-agent-skill a2feb21
yt-viral Jakeschincariol/youtube-agent-skill a2feb21
