caveman JuliusBrussee/caveman 2fd153c
caveman-compress JuliusBrussee/caveman 2fd153c
ceo-assistant Claudefarid/claude-ceo-skill 65cc5f9
deep-research sanjay3290/ai-skills 281d88d
dispatching-parallel-agents obra/superpowers 5bf4e78
executing-plans obra/superpowers 5bf4e78
finishing-a-development-branch obra/superpowers 5bf4e78
frontend-design anthropics/skills 34040c9
karpathy-guidelines multica-ai/andrej-karpathy-skills 2c60614
receiving-code-review obra/superpowers 5bf4e78
recursive-research Anjos2/recursive-research 15ed326
requesting-code-review obra/superpowers 5bf4e78
subagent-driven-development obra/superpowers 5bf4e78
superpowers-brainstorming obra/superpowers 5bf4e78
systematic-debugging obra/superpowers 5bf4e78
test-driven-development obra/superpowers 5bf4e78
using-git-worktrees obra/superpowers 5bf4e78
verification-before-completion obra/superpowers 5bf4e78
webapp-testing anthropics/skills 34040c9
writing-plans obra/superpowers 5bf4e78
